
Microsoft Visual Studio Solution File, Format Version 12.00
# Visual Studio 15
VisualStudioVersion = 15.0.28307.645
MinimumVisualStudioVersion = 10.0.40219.1
Project("{9A19103F-16F7-4668-BE54-9A1E7A4F7556}") = "SqlDependencyResolution", "SqlDependencyResolution\SqlDependencyResolution.csproj", "{DCFFB0FD-EBAF-4F14-9C26-DF519268412C}"
EndProject
Project("{FAE04EC0-301F-11D3-BF4B-00C04F79EFBC}") = "SqlDependencyResolution.Tests", "SqlDependencyResolution.Tests\SqlDependencyResolution.Tests.csproj", "{B9E905A8-4AE0-46AA-BC75-41CA5C8C2B85}"
EndProject
Global
	GlobalSection(SolutionConfigurationPlatforms) = preSolution
		Debug|Any CPU = Debug|Any CPU
		Release|Any CPU = Release|Any CPU
	EndGlobalSection
	GlobalSection(ProjectConfigurationPlatforms) = postSolution
		{DCFFB0FD-EBAF-4F14-9C26-DF519268412C}.Debug|Any CPU.ActiveCfg = Debug|Any CPU
		{DCFFB0FD-EBAF-4F14-9C26-DF519268412C}.Debug|Any CPU.Build.0 = Debug|Any CPU
		{DCFFB0FD-EBAF-4F14-9C26-DF519268412C}.Release|Any CPU.ActiveCfg = Release|Any CPU
		{DCFFB0FD-EBAF-4F14-9C26-DF519268412C}.Release|Any CPU.Build.0 = Release|Any CPU
		{B9E905A8-4AE0-46AA-BC75-41CA5C8C2B85}.Debug|Any CPU.ActiveCfg = Debug|Any CPU
		{B9E905A8-4AE0-46AA-BC75-41CA5C8C2B85}.Debug|Any CPU.Build.0 = Debug|Any CPU
		{B9E905A8-4AE0-46AA-BC75-41CA5C8C2B85}.Release|Any CPU.ActiveCfg = Release|Any CPU
		{B9E905A8-4AE0-46AA-BC75-41CA5C8C2B85}.Release|Any CPU.Build.0 = Release|Any CPU
	EndGlobalSection
	GlobalSection(SolutionProperties) = preSolution
		HideSolutionNode = FALSE
	EndGlobalSection
	GlobalSection(ExtensibilityGlobals) = postSolution
		SolutionGuid = {4EEA092C-6107-4B4E-9AB1-0BB7D13CB97C}
	EndGlobalSection
EndGlobal
